
Microsoft Visual Studio Solution File, Format Version 12.00
# Visual Studio Version 17
VisualStudioVersion = 17.4.33122.133
MinimumVisualStudioVersion = 10.0.40219.1
Project("{FAE04EC0-301F-11D3-BF4B-00C04F79EFBC}") = "Task5(-2-)", "Task5(-2-)\Task5(-2-).csproj", "{7761EC6B-D483-4D4C-942E-15EF308A71B0}"
EndProject
Global
	GlobalSection(SolutionConfigurationPlatforms) = preSolution
		Debug|Any CPU = Debug|Any CPU
		Release|Any CPU = Release|Any CPU
	EndGlobalSection
	GlobalSection(ProjectConfigurationPlatforms) = postSolution
		{7761EC6B-D483-4D4C-942E-15EF308A71B0}.Debug|Any CPU.ActiveCfg = Debug|Any CPU
		{7761EC6B-D483-4D4C-942E-15EF308A71B0}.Debug|Any CPU.Build.0 = Debug|Any CPU
		{7761EC6B-D483-4D4C-942E-15EF308A71B0}.Release|Any CPU.ActiveCfg = Release|Any CPU
		{7761EC6B-D483-4D4C-942E-15EF308A71B0}.Release|Any CPU.Build.0 = Release|Any CPU
	EndGlobalSection
	GlobalSection(SolutionProperties) = preSolution
		HideSolutionNode = FALSE
	EndGlobalSection
	GlobalSection(ExtensibilityGlobals) = postSolution
		SolutionGuid = {82CEF7E0-9E78-42AC-85D1-294EB8A3D370}
	EndGlobalSection
EndGlobal
